
Microsoft Visual Studio Solution File, Format Version 12.00
# Visual Studio 15
VisualStudioVersion = 15.0.28010.2026
MinimumVisualStudioVersion = 10.0.40219.1
Project("{9A19103F-16F7-4668-BE54-9A1E7A4F7556}") = "Core.Logger", "Core.Logger\Core.Logger.csproj", "{7FCA9BC6-AB0F-4461-A5A8-84C701571A78}"
EndProject
Project("{FAE04EC0-301F-11D3-BF4B-00C04F79EFBC}") = "SimpleApp", "SimpleApp\SimpleApp.csproj", "{29A03EAE-6993-43D1-9F44-F74223B832EF}"
EndProject
Project("{FAE04EC0-301F-11D3-BF4B-00C04F79EFBC}") = "Core.MVVM", "Core.MVVM\Core.MVVM.csproj", "{BFE86F54-FD48-495D-8D1D-43FE7AE2C28A}"
EndProject
Global
	GlobalSection(SolutionConfigurationPlatforms) = preSolution
		Debug|Any CPU = Debug|Any CPU
		Release|Any CPU = Release|Any CPU
	EndGlobalSection
	GlobalSection(ProjectConfigurationPlatforms) = postSolution
		{7FCA9BC6-AB0F-4461-A5A8-84C701571A78}.Debug|Any CPU.ActiveCfg = Debug|Any CPU
		{7FCA9BC6-AB0F-4461-A5A8-84C701571A78}.Debug|Any CPU.Build.0 = Debug|Any CPU
		{7FCA9BC6-AB0F-4461-A5A8-84C701571A78}.Release|Any CPU.ActiveCfg = Release|Any CPU
		{7FCA9BC6-AB0F-4461-A5A8-84C701571A78}.Release|Any CPU.Build.0 = Release|Any CPU
		{29A03EAE-6993-43D1-9F44-F74223B832EF}.Debug|Any CPU.ActiveCfg = Debug|Any CPU
		{29A03EAE-6993-43D1-9F44-F74223B832EF}.Debug|Any CPU.Build.0 = Debug|Any CPU
		{29A03EAE-6993-43D1-9F44-F74223B832EF}.Release|Any CPU.ActiveCfg = Release|Any CPU
		{29A03EAE-6993-43D1-9F44-F74223B832EF}.Release|Any CPU.Build.0 = Release|Any CPU
		{BFE86F54-FD48-495D-8D1D-43FE7AE2C28A}.Debug|Any CPU.ActiveCfg = Debug|Any CPU
		{BFE86F54-FD48-495D-8D1D-43FE7AE2C28A}.Debug|Any CPU.Build.0 = Debug|Any CPU
		{BFE86F54-FD48-495D-8D1D-43FE7AE2C28A}.Release|Any CPU.ActiveCfg = Release|Any CPU
		{BFE86F54-FD48-495D-8D1D-43FE7AE2C28A}.Release|Any CPU.Build.0 = Release|Any CPU
	EndGlobalSection
	GlobalSection(SolutionProperties) = preSolution
		HideSolutionNode = FALSE
	EndGlobalSection
	GlobalSection(ExtensibilityGlobals) = postSolution
		SolutionGuid = {D2056AA1-ACF1-4A31-AA91-47C9C72E27F0}
	EndGlobalSection
EndGlobal
